# This file is automatically @generated by Poetry and should not be changed by hand.

[[package]]
name = "julia"
version = "0.6.2"
description = "Julia/Python bridge with IPython support."
category = "main"
optional = false
python-versions = ">=3.4"
files = [
    {file = "julia-0.6.2-py2.py3-none-any.whl", hash = "sha256:90752f71376fdb9919439d20496c2dab24486dfa4fe8a831d6dd14a1bcbc04d1"},
    {file = "julia-0.6.2.tar.gz", hash = "sha256:35eefc030671392b79ba0e1898b7103ed1286ad044783c4cadc99d4401c368e3"},
]

[package.extras]
test = ["ipython", "mock", "numpy", "pytest (>=4.4)"]

[metadata]
lock-version = "2.0"
python-versions = "^3.8"
content-hash = "64cecb7da2bbde01218d094f809a639f5a7bd396841ad29ec3f4d1d020ffeaa7"
